// !$*UTF8*$!
{
	archiveVersion = 1;
	classes = {
	};
	objectVersion = 55;
	objects = {

/* Begin PBXBuildFile section */
		6B19B73127A46A9400AEF1FF /* AppDelegate.swift in Sources */ = {isa = PBXBuildFile; fileRef = 6B19B73027A46A9400AEF1FF /* AppDelegate.swift */; };
		6B19B73327A46A9400AEF1FF /* SceneDelegate.swift in Sources */ = {isa = PBXBuildFile; fileRef = 6B19B73227A46A9400AEF1FF /* SceneDelegate.swift */; };
		6B19B73527A46A9400AEF1FF /* MainViewController.swift in Sources */ = {isa = PBXBuildFile; fileRef = 6B19B73427A46A9400AEF1FF /* MainViewController.swift */; };
		6B19B73827A46A9400AEF1FF /* Main.storyboard in Resources */ = {isa = PBXBuildFile; fileRef = 6B19B73627A46A9400AEF1FF /* Main.storyboard */; };
		6B19B73A27A46A9500AEF1FF /* Assets.xcassets in Resources */ = {isa = PBXBuildFile; fileRef = 6B19B73927A46A9500AEF1FF /* Assets.xcassets */; };
		6B19B73D27A46A9500AEF1FF /* LaunchScreen.storyboard in Resources */ = {isa = PBXBuildFile; fileRef = 6B19B73B27A46A9500AEF1FF /* LaunchScreen.storyboard */; };
		6B19B75227A46A9500AEF1FF /* FlickrSearchUITests.swift in Sources */ = {isa = PBXBuildFile; fileRef = 6B19B75127A46A9500AEF1FF /* FlickrSearchUITests.swift */; };
		6B19B75427A46A9500AEF1FF /* FlickrSearchUITestsLaunchTests.swift in Sources */ = {isa = PBXBuildFile; fileRef = 6B19B75327A46A9500AEF1FF /* FlickrSearchUITestsLaunchTests.swift */; };
		6B5BBDC727A4958700A0E811 /* ImageCollectionViewCell.swift in Sources */ = {isa = PBXBuildFile; fileRef = 6B5BBDC627A4958700A0E811 /* ImageCollectionViewCell.swift */; };
		6B5BBDC927A4965E00A0E811 /* FlickrImageModel.swift in Sources */ = {isa = PBXBuildFile; fileRef = 6B5BBDC827A4965E00A0E811 /* FlickrImageModel.swift */; };
		6B60BFDE27A4CA2400249D7B /* Photo.swift in Sources */ = {isa = PBXBuildFile; fileRef = 6B60BFDD27A4CA2400249D7B /* Photo.swift */; };
		6B60BFE027A4CB1100249D7B /* Routes.swift in Sources */ = {isa = PBXBuildFile; fileRef = 6B60BFDF27A4CB1100249D7B /* Routes.swift */; };
		6B60BFE227A4CE4B00249D7B /* FlickrAPIResults.swift in Sources */ = {isa = PBXBuildFile; fileRef = 6B60BFE127A4CE4B00249D7B /* FlickrAPIResults.swift */; };
		6B60BFE427A4CE9900249D7B /* Photos.swift in Sources */ = {isa = PBXBuildFile; fileRef = 6B60BFE327A4CE9900249D7B /* Photos.swift */; };
		6BCE34DA27A59C4A002E2865 /* FlickrAPI.swift in Sources */ = {isa = PBXBuildFile; fileRef = 6BCE34D927A59C4A002E2865 /* FlickrAPI.swift */; };
		6BCE34DE27A608DE002E2865 /* ImageViewModel.swift in Sources */ = {isa = PBXBuildFile; fileRef = 6BCE34DD27A608DE002E2865 /* ImageViewModel.swift */; };
		6BF0B17127A6DF24005C70CE /* SuggestedTableController.swift in Sources */ = {isa = PBXBuildFile; fileRef = 6BF0B16F27A6DF1E005C70CE /* SuggestedTableController.swift */; };
		6BF0B17827A70114005C70CE /* Extensions.swift in Sources */ = {isa = PBXBuildFile; fileRef = 6BF0B17727A70114005C70CE /* Extensions.swift */; };
		6BF0B17A27A707B1005C70CE /* HistorySearchViewModel.swift in Sources */ = {isa = PBXBuildFile; fileRef = 6BF0B17927A707B1005C70CE /* HistorySearchViewModel.swift */; };
		6BF0B17C27A715B9005C70CE /* Request.swift in Sources */ = {isa = PBXBuildFile; fileRef = 6BF0B17B27A715B9005C70CE /* Request.swift */; };
		6BF0B17E27A715D6005C70CE /* RequestManager.swift in Sources */ = {isa = PBXBuildFile; fileRef = 6BF0B17D27A715D6005C70CE /* RequestManager.swift */; };
		6BF0B18027A71689005C70CE /* Reachbility.swift in Sources */ = {isa = PBXBuildFile; fileRef = 6BF0B17F27A71689005C70CE /* Reachbility.swift */; };
		6BF0B18227A71925005C70CE /* FlickrImageModelTests.swift in Sources */ = {isa = PBXBuildFile; fileRef = 6BF0B18127A71925005C70CE /* FlickrImageModelTests.swift */; };
		6BF0B18627A71D9E005C70CE /* RoutesTests.swift in Sources */ = {isa = PBXBuildFile; fileRef = 6BF0B18527A71D9E005C70CE /* RoutesTests.swift */; };
		6BF0B18827A72090005C70CE /* HistorySearchViewModelTests.swift in Sources */ = {isa = PBXBuildFile; fileRef = 6BF0B18727A72090005C70CE /* HistorySearchViewModelTests.swift */; };
/* End PBXBuildFile section */

/* Begin PBXContainerItemProxy section */
		6B19B74427A46A9500AEF1FF /* PBXContainerItemProxy */ = {
			isa = PBXContainerItemProxy;
			containerPortal = 6B19B72527A46A9400AEF1FF /* Project object */;
			proxyType = 1;
			remoteGlobalIDString = 6B19B72C27A46A9400AEF1FF;
			remoteInfo = FlickrSearch;
		};
		6B19B74E27A46A9500AEF1FF /* PBXContainerItemProxy */ = {
			isa = PBXContainerItemProxy;
			containerPortal = 6B19B72527A46A9400AEF1FF /* Project object */;
			proxyType = 1;
			remoteGlobalIDString = 6B19B72C27A46A9400AEF1FF;
			remoteInfo = FlickrSearch;
		};
/* End PBXContainerItemProxy section */

/* Begin PBXFileReference section */
		6B19B72D27A46A9400AEF1FF /* FlickrSearch.app */ = {isa = PBXFileReference; explicitFileType = wrapper.application; includeInIndex = 0; path = FlickrSearch.app; sourceTree = BUILT_PRODUCTS_DIR; };
		6B19B73027A46A9400AEF1FF /* AppDelegate.swift */ = {isa = PBXFileReference; lastKnownFileType = sourcecode.swift; path = AppDelegate.swift; sourceTree = "<group>"; };
		6B19B73227A46A9400AEF1FF /* SceneDelegate.swift */ = {isa = PBXFileReference; lastKnownFileType = sourcecode.swift; path = SceneDelegate.swift; sourceTree = "<group>"; };
		6B19B73427A46A9400AEF1FF /* MainViewController.swift */ = {isa = PBXFileReference; lastKnownFileType = sourcecode.swift; path = MainViewController.swift; sourceTree = "<group>"; };
		6B19B73727A46A9400AEF1FF /* Base */ = {isa = PBXFileReference; lastKnownFileType = file.storyboard; name = Base; path = Base.lproj/Main.storyboard; sourceTree = "<group>"; };
		6B19B73927A46A9500AEF1FF /* Assets.xcassets */ = {isa = PBXFileReference; lastKnownFileType = folder.assetcatalog; path = Assets.xcassets; sourceTree = "<group>"; };
		6B19B73C27A46A9500AEF1FF /* Base */ = {isa = PBXFileReference; lastKnownFileType = file.storyboard; name = Base; path = Base.lproj/LaunchScreen.storyboard; sourceTree = "<group>"; };
		6B19B73E27A46A9500AEF1FF /* Info.plist */ = {isa = PBXFileReference; lastKnownFileType = text.plist.xml; path = Info.plist; sourceTree = "<group>"; };
		6B19B74327A46A9500AEF1FF /* FlickrSearchTests.xctest */ = {isa = PBXFileReference; explicitFileType = wrapper.cfbundle; includeInIndex = 0; path = FlickrSearchTests.xctest; sourceTree = BUILT_PRODUCTS_DIR; };
		6B19B74D27A46A9500AEF1FF /* FlickrSearchUITests.xctest */ = {isa = PBXFileReference; explicitFileType = wrapper.cfbundle; includeInIndex = 0; path = FlickrSearchUITests.xctest; sourceTree = BUILT_PRODUCTS_DIR; };
		6B19B75127A46A9500AEF1FF /* FlickrSearchUITests.swift */ = {isa = PBXFileReference; lastKnownFileType = sourcecode.swift; path = FlickrSearchUITests.swift; sourceTree = "<group>"; };
		6B19B75327A46A9500AEF1FF /* FlickrSearchUITestsLaunchTests.swift */ = {isa = PBXFileReference; lastKnownFileType = sourcecode.swift; path = FlickrSearchUITestsLaunchTests.swift; sourceTree = "<group>"; };
		6B5BBDC627A4958700A0E811 /* ImageCollectionViewCell.swift */ = {isa = PBXFileReference; lastKnownFileType = sourcecode.swift; path = ImageCollectionViewCell.swift; sourceTree = "<group>"; };
		6B5BBDC827A4965E00A0E811 /* FlickrImageModel.swift */ = {isa = PBXFileReference; lastKnownFileType = sourcecode.swift; path = FlickrImageModel.swift; sourceTree = "<group>"; };
		6B60BFDD27A4CA2400249D7B /* Photo.swift */ = {isa = PBXFileReference; lastKnownFileType = sourcecode.swift; path = Photo.swift; sourceTree = "<group>"; };
		6B60BFDF27A4CB1100249D7B /* Routes.swift */ = {isa = PBXFileReference; lastKnownFileType = sourcecode.swift; path = Routes.swift; sourceTree = "<group>"; };
		6B60BFE127A4CE4B00249D7B /* FlickrAPIResults.swift */ = {isa = PBXFileReference; lastKnownFileType = sourcecode.swift; path = FlickrAPIResults.swift; sourceTree = "<group>"; };
		6B60BFE327A4CE9900249D7B /* Photos.swift */ = {isa = PBXFileReference; lastKnownFileType = sourcecode.swift; path = Photos.swift; sourceTree = "<group>"; };
		6BCE34D927A59C4A002E2865 /* FlickrAPI.swift */ = {isa = PBXFileReference; lastKnownFileType = sourcecode.swift; path = FlickrAPI.swift; sourceTree = "<group>"; };
		6BCE34DD27A608DE002E2865 /* ImageViewModel.swift */ = {isa = PBXFileReference; lastKnownFileType = sourcecode.swift; path = ImageViewModel.swift; sourceTree = "<group>"; };
		6BF0B16F27A6DF1E005C70CE /* SuggestedTableController.swift */ = {isa = PBXFileReference; lastKnownFileType = sourcecode.swift; path = SuggestedTableController.swift; sourceTree = "<group>"; };
		6BF0B17727A70114005C70CE /* Extensions.swift */ = {isa = PBXFileReference; lastKnownFileType = sourcecode.swift; path = Extensions.swift; sourceTree = "<group>"; };
		6BF0B17927A707B1005C70CE /* HistorySearchViewModel.swift */ = {isa = PBXFileReference; lastKnownFileType = sourcecode.swift; path = HistorySearchViewModel.swift; sourceTree = "<group>"; };
		6BF0B17B27A715B9005C70CE /* Request.swift */ = {isa = PBXFileReference; lastKnownFileType = sourcecode.swift; path = Request.swift; sourceTree = "<group>"; };
		6BF0B17D27A715D6005C70CE /* RequestManager.swift */ = {isa = PBXFileReference; lastKnownFileType = sourcecode.swift; path = RequestManager.swift; sourceTree = "<group>"; };
		6BF0B17F27A71689005C70CE /* Reachbility.swift */ = {isa = PBXFileReference; lastKnownFileType = sourcecode.swift; path = Reachbility.swift; sourceTree = "<group>"; };
		6BF0B18127A71925005C70CE /* FlickrImageModelTests.swift */ = {isa = PBXFileReference; lastKnownFileType = sourcecode.swift; path = FlickrImageModelTests.swift; sourceTree = "<group>"; };
		6BF0B18527A71D9E005C70CE /* RoutesTests.swift */ = {isa = PBXFileReference; lastKnownFileType = sourcecode.swift; path = RoutesTests.swift; sourceTree = "<group>"; };
		6BF0B18727A72090005C70CE /* HistorySearchViewModelTests.swift */ = {isa = PBXFileReference; lastKnownFileType = sourcecode.swift; path = HistorySearchViewModelTests.swift; sourceTree = "<group>"; };
/* End PBXFileReference section */

/* Begin PBXFrameworksBuildPhase section */
		6B19B72A27A46A9400AEF1FF /* Frameworks */ = {
			isa = PBXFrameworksBuildPhase;
			buildActionMask = 2147483647;
			files = (
			);
			runOnlyForDeploymentPostprocessing = 0;
		};
		6B19B74027A46A9500AEF1FF /* Frameworks */ = {
			isa = PBXFrameworksBuildPhase;
			buildActionMask = 2147483647;
			files = (
			);
			runOnlyForDeploymentPostprocessing = 0;
		};
		6B19B74A27A46A9500AEF1FF /* Frameworks */ = {
			isa = PBXFrameworksBuildPhase;
			buildActionMask = 2147483647;
			files = (
			);
			runOnlyForDeploymentPostprocessing = 0;
		};
/* End PBXFrameworksBuildPhase section */

/* Begin PBXGroup section */
		6B19B72427A46A9400AEF1FF = {
			isa = PBXGroup;
			children = (
				6B19B72F27A46A9400AEF1FF /* FlickrSearch */,
				6B19B74627A46A9500AEF1FF /* FlickrSearchTests */,
				6B19B75027A46A9500AEF1FF /* FlickrSearchUITests */,
				6B19B72E27A46A9400AEF1FF /* Products */,
			);
			sourceTree = "<group>";
		};
		6B19B72E27A46A9400AEF1FF /* Products */ = {
			isa = PBXGroup;
			children = (
				6B19B72D27A46A9400AEF1FF /* FlickrSearch.app */,
				6B19B74327A46A9500AEF1FF /* FlickrSearchTests.xctest */,
				6B19B74D27A46A9500AEF1FF /* FlickrSearchUITests.xctest */,
			);
			name = Products;
			sourceTree = "<group>";
		};
		6B19B72F27A46A9400AEF1FF /* FlickrSearch */ = {
			isa = PBXGroup;
			children = (
				6B19B73027A46A9400AEF1FF /* AppDelegate.swift */,
				6B19B73227A46A9400AEF1FF /* SceneDelegate.swift */,
				6B5BBDCB27A49BB600A0E811 /* Model */,
				6B5BBDCA27A49B8B00A0E811 /* View */,
				6BCE34DC27A60533002E2865 /* ViewModel */,
				6B5BBDCD27A49BF300A0E811 /* Service */,
				6BF0B17427A700F0005C70CE /* Utils */,
				6B19B73627A46A9400AEF1FF /* Main.storyboard */,
				6B19B73927A46A9500AEF1FF /* Assets.xcassets */,
				6B19B73B27A46A9500AEF1FF /* LaunchScreen.storyboard */,
				6B19B73E27A46A9500AEF1FF /* Info.plist */,
			);
			path = FlickrSearch;
			sourceTree = "<group>";
		};
		6B19B74627A46A9500AEF1FF /* FlickrSearchTests */ = {
			isa = PBXGroup;
			children = (
				6BF0B18127A71925005C70CE /* FlickrImageModelTests.swift */,
				6BF0B18527A71D9E005C70CE /* RoutesTests.swift */,
				6BF0B18727A72090005C70CE /* HistorySearchViewModelTests.swift */,
			);
			path = FlickrSearchTests;
			sourceTree = "<group>";
		};
		6B19B75027A46A9500AEF1FF /* FlickrSearchUITests */ = {
			isa = PBXGroup;
			children = (
				6B19B75127A46A9500AEF1FF /* FlickrSearchUITests.swift */,
				6B19B75327A46A9500AEF1FF /* FlickrSearchUITestsLaunchTests.swift */,
			);
			path = FlickrSearchUITests;
			sourceTree = "<group>";
		};
		6B5BBDCA27A49B8B00A0E811 /* View */ = {
			isa = PBXGroup;
			children = (
				6B19B73427A46A9400AEF1FF /* MainViewController.swift */,
				6BF0B16F27A6DF1E005C70CE /* SuggestedTableController.swift */,
				6B5BBDC627A4958700A0E811 /* ImageCollectionViewCell.swift */,
			);
			path = View;
			sourceTree = "<group>";
		};
		6B5BBDCB27A49BB600A0E811 /* Model */ = {
			isa = PBXGroup;
			children = (
				6B60BFE127A4CE4B00249D7B /* FlickrAPIResults.swift */,
				6B60BFDD27A4CA2400249D7B /* Photo.swift */,
				6B60BFE327A4CE9900249D7B /* Photos.swift */,
			);
			path = Model;
			sourceTree = "<group>";
		};
		6B5BBDCD27A49BF300A0E811 /* Service */ = {
			isa = PBXGroup;
			children = (
				6BCE34D927A59C4A002E2865 /* FlickrAPI.swift */,
				6BF0B17D27A715D6005C70CE /* RequestManager.swift */,
				6B60BFDF27A4CB1100249D7B /* Routes.swift */,
				6BF0B17B27A715B9005C70CE /* Request.swift */,
				6BF0B17F27A71689005C70CE /* Reachbility.swift */,
			);
			path = Service;
			sourceTree = "<group>";
		};
		6BCE34DC27A60533002E2865 /* ViewModel */ = {
			isa = PBXGroup;
			children = (
				6B5BBDC827A4965E00A0E811 /* FlickrImageModel.swift */,
				6BCE34DD27A608DE002E2865 /* ImageViewModel.swift */,
				6BF0B17927A707B1005C70CE /* HistorySearchViewModel.swift */,
			);
			path = ViewModel;
			sourceTree = "<group>";
		};
		6BF0B17427A700F0005C70CE /* Utils */ = {
			isa = PBXGroup;
			children = (
				6BF0B17727A70114005C70CE /* Extensions.swift */,
			);
			path = Utils;
			sourceTree = "<group>";
		};
/* End PBXGroup section */

/* Begin PBXNativeTarget section */
		6B19B72C27A46A9400AEF1FF /* FlickrSearch */ = {
			isa = PBXNativeTarget;
			buildConfigurationList = 6B19B75727A46A9500AEF1FF /* Build configuration list for PBXNativeTarget "FlickrSearch" */;
			buildPhases = (
				6B19B72927A46A9400AEF1FF /* Sources */,
				6B19B72A27A46A9400AEF1FF /* Frameworks */,
				6B19B72B27A46A9400AEF1FF /* Resources */,
			);
			buildRules = (
			);
			dependencies = (
			);
			name = FlickrSearch;
			productName = FlickrSearch;
			productReference = 6B19B72D27A46A9400AEF1FF /* FlickrSearch.app */;
			productType = "com.apple.product-type.application";
		};
		6B19B74227A46A9500AEF1FF /* FlickrSearchTests */ = {
			isa = PBXNativeTarget;
			buildConfigurationList = 6B19B75A27A46A9500AEF1FF /* Build configuration list for PBXNativeTarget "FlickrSearchTests" */;
			buildPhases = (
				6B19B73F27A46A9500AEF1FF /* Sources */,
				6B19B74027A46A9500AEF1FF /* Frameworks */,
				6B19B74127A46A9500AEF1FF /* Resources */,
			);
			buildRules = (
			);
			dependencies = (
				6B19B74527A46A9500AEF1FF /* PBXTargetDependency */,
			);
			name = FlickrSearchTests;
			productName = FlickrSearchTests;
			productReference = 6B19B74327A46A9500AEF1FF /* FlickrSearchTests.xctest */;
			productType = "com.apple.product-type.bundle.unit-test";
		};
		6B19B74C27A46A9500AEF1FF /* FlickrSearchUITests */ = {
			isa = PBXNativeTarget;
			buildConfigurationList = 6B19B75D27A46A9500AEF1FF /* Build configuration list for PBXNativeTarget "FlickrSearchUITests" */;
			buildPhases = (
				6B19B74927A46A9500AEF1FF /* Sources */,
				6B19B74A27A46A9500AEF1FF /* Frameworks */,
				6B19B74B27A46A9500AEF1FF /* Resources */,
			);
			buildRules = (
			);
			dependencies = (
				6B19B74F27A46A9500AEF1FF /* PBXTargetDependency */,
			);
			name = FlickrSearchUITests;
			productName = FlickrSearchUITests;
			productReference = 6B19B74D27A46A9500AEF1FF /* FlickrSearchUITests.xctest */;
			productType = "com.apple.product-type.bundle.ui-testing";
		};
/* End PBXNativeTarget section */

/* Begin PBXProject section */
		6B19B72527A46A9400AEF1FF /* Project object */ = {
			isa = PBXProject;
			attributes = {
				BuildIndependentTargetsInParallel = 1;
				LastSwiftUpdateCheck = 1320;
				LastUpgradeCheck = 1320;
				TargetAttributes = {
					6B19B72C27A46A9400AEF1FF = {
						CreatedOnToolsVersion = 13.2.1;
					};
					6B19B74227A46A9500AEF1FF = {
						CreatedOnToolsVersion = 13.2.1;
						TestTargetID = 6B19B72C27A46A9400AEF1FF;
					};
					6B19B74C27A46A9500AEF1FF = {
						CreatedOnToolsVersion = 13.2.1;
						TestTargetID = 6B19B72C27A46A9400AEF1FF;
					};
				};
			};
			buildConfigurationList = 6B19B72827A46A9400AEF1FF /* Build configuration list for PBXProject "FlickrSearch" */;
			compatibilityVersion = "Xcode 13.0";
			developmentRegion = en;
			hasScannedForEncodings = 0;
			knownRegions = (
				en,
				Base,
			);
			mainGroup = 6B19B72427A46A9400AEF1FF;
			productRefGroup = 6B19B72E27A46A9400AEF1FF /* Products */;
			projectDirPath = "";
			projectRoot = "";
			targets = (
				6B19B72C27A46A9400AEF1FF /* FlickrSearch */,
				6B19B74227A46A9500AEF1FF /* FlickrSearchTests */,
				6B19B74C27A46A9500AEF1FF /* FlickrSearchUITests */,
			);
		};
/* End PBXProject section */

/* Begin PBXResourcesBuildPhase section */
		6B19B72B27A46A9400AEF1FF /* Resources */ = {
			isa = PBXResourcesBuildPhase;
			buildActionMask = 2147483647;
			files = (
				6B19B73D27A46A9500AEF1FF /* LaunchScreen.storyboard in Resources */,
				6B19B73A27A46A9500AEF1FF /* Assets.xcassets in Resources */,
				6B19B73827A46A9400AEF1FF /* Main.storyboard in Resources */,
			);
			runOnlyForDeploymentPostprocessing = 0;
		};
		6B19B74127A46A9500AEF1FF /* Resources */ = {
			isa = PBXResourcesBuildPhase;
			buildActionMask = 2147483647;
			files = (
			);
			runOnlyForDeploymentPostprocessing = 0;
		};
		6B19B74B27A46A9500AEF1FF /* Resources */ = {
			isa = PBXResourcesBuildPhase;
			buildActionMask = 2147483647;
			files = (
			);
			runOnlyForDeploymentPostprocessing = 0;
		};
/* End PBXResourcesBuildPhase section */

/* Begin PBXSourcesBuildPhase section */
		6B19B72927A46A9400AEF1FF /* Sources */ = {
			isa = PBXSourcesBuildPhase;
			buildActionMask = 2147483647;
			files = (
				6B60BFE227A4CE4B00249D7B /* FlickrAPIResults.swift in Sources */,
				6BF0B18027A71689005C70CE /* Reachbility.swift in Sources */,
				6B5BBDC927A4965E00A0E811 /* FlickrImageModel.swift in Sources */,
				6B60BFDE27A4CA2400249D7B /* Photo.swift in Sources */,
				6B60BFE027A4CB1100249D7B /* Routes.swift in Sources */,
				6BF0B17E27A715D6005C70CE /* RequestManager.swift in Sources */,
				6B5BBDC727A4958700A0E811 /* ImageCollectionViewCell.swift in Sources */,
				6BF0B17A27A707B1005C70CE /* HistorySearchViewModel.swift in Sources */,
				6BCE34DE27A608DE002E2865 /* ImageViewModel.swift in Sources */,
				6BF0B17C27A715B9005C70CE /* Request.swift in Sources */,
				6B19B73527A46A9400AEF1FF /* MainViewController.swift in Sources */,
				6B19B73127A46A9400AEF1FF /* AppDelegate.swift in Sources */,
				6BF0B17127A6DF24005C70CE /* SuggestedTableController.swift in Sources */,
				6B19B73327A46A9400AEF1FF /* SceneDelegate.swift in Sources */,
				6BF0B17827A70114005C70CE /* Extensions.swift in Sources */,
				6B60BFE427A4CE9900249D7B /* Photos.swift in Sources */,
				6BCE34DA27A59C4A002E2865 /* FlickrAPI.swift in Sources */,
			);
			runOnlyForDeploymentPostprocessing = 0;
		};
		6B19B73F27A46A9500AEF1FF /* Sources */ = {
			isa = PBXSourcesBuildPhase;
			buildActionMask = 2147483647;
			files = (
				6BF0B18827A72090005C70CE /* HistorySearchViewModelTests.swift in Sources */,
				6BF0B18227A71925005C70CE /* FlickrImageModelTests.swift in Sources */,
				6BF0B18627A71D9E005C70CE /* RoutesTests.swift in Sources */,
			);
			runOnlyForDeploymentPostprocessing = 0;
		};
		6B19B74927A46A9500AEF1FF /* Sources */ = {
			isa = PBXSourcesBuildPhase;
			buildActionMask = 2147483647;
			files = (
				6B19B75227A46A9500AEF1FF /* FlickrSearchUITests.swift in Sources */,
				6B19B75427A46A9500AEF1FF /* FlickrSearchUITestsLaunchTests.swift in Sources */,
			);
			runOnlyForDeploymentPostprocessing = 0;
		};
/* End PBXSourcesBuildPhase section */

/* Begin PBXTargetDependency section */
		6B19B74527A46A9500AEF1FF /* PBXTargetDependency */ = {
			isa = PBXTargetDependency;
			target = 6B19B72C27A46A9400AEF1FF /* FlickrSearch */;
			targetProxy = 6B19B74427A46A9500AEF1FF /* PBXContainerItemProxy */;
		};
		6B19B74F27A46A9500AEF1FF /* PBXTargetDependency */ = {
			isa = PBXTargetDependency;
			target = 6B19B72C27A46A9400AEF1FF /* FlickrSearch */;
			targetProxy = 6B19B74E27A46A9500AEF1FF /* PBXContainerItemProxy */;
		};
/* End PBXTargetDependency section */

/* Begin PBXVariantGroup section */
		6B19B73627A46A9400AEF1FF /* Main.storyboard */ = {
			isa = PBXVariantGroup;
			children = (
				6B19B73727A46A9400AEF1FF /* Base */,
			);
			name = Main.storyboard;
			sourceTree = "<group>";
		};
		6B19B73B27A46A9500AEF1FF /* LaunchScreen.storyboard */ = {
			isa = PBXVariantGroup;
			children = (
				6B19B73C27A46A9500AEF1FF /* Base */,
			);
			name = LaunchScreen.storyboard;
			sourceTree = "<group>";
		};
/* End PBXVariantGroup section */

/* Begin XCBuildConfiguration section */
		6B19B75527A46A9500AEF1FF /* Debug */ = {
			isa = XCBuildConfiguration;
			buildSettings = {
				ALWAYS_SEARCH_USER_PATHS = NO;
				CLANG_ANALYZER_NONNULL = YES;
				CLANG_ANALYZER_NUMBER_OBJECT_CONVERSION = YES_AGGRESSIVE;
				CLANG_CXX_LANGUAGE_STANDARD = "gnu++17";
				CLANG_CXX_LIBRARY = "libc++";
				CLANG_ENABLE_MODULES = YES;
				CLANG_ENABLE_OBJC_ARC = YES;
				CLANG_ENABLE_OBJC_WEAK = YES;
				CLANG_WARN_BLOCK_CAPTURE_AUTORELEASING = YES;
				CLANG_WARN_BOOL_CONVERSION = YES;
				CLANG_WARN_COMMA = YES;
				CLANG_WARN_CONSTANT_CONVERSION = YES;
				CLANG_WARN_DEPRECATED_OBJC_IMPLEMENTATIONS = YES;
				CLANG_WARN_DIRECT_OBJC_ISA_USAGE = YES_ERROR;
				CLANG_WARN_DOCUMENTATION_COMMENTS = YES;
				CLANG_WARN_EMPTY_BODY = YES;
				CLANG_WARN_ENUM_CONVERSION = YES;
				CLANG_WARN_INFINITE_RECURSION = YES;
				CLANG_WARN_INT_CONVERSION = YES;
				CLANG_WARN_NON_LITERAL_NULL_CONVERSION = YES;
				CLANG_WARN_OBJC_IMPLICIT_RETAIN_SELF = YES;
				CLANG_WARN_OBJC_LITERAL_CONVERSION = YES;
				CLANG_WARN_OBJC_ROOT_CLASS = YES_ERROR;
				CLANG_WARN_QUOTED_INCLUDE_IN_FRAMEWORK_HEADER = YES;
				CLANG_WARN_RANGE_LOOP_ANALYSIS = YES;
				CLANG_WARN_STRICT_PROTOTYPES = YES;
				CLANG_WARN_SUSPICIOUS_MOVE = YES;
				CLANG_WARN_UNGUARDED_AVAILABILITY = YES_AGGRESSIVE;
				CLANG_WARN_UNREACHABLE_CODE = YES;
				CLANG_WARN__DUPLICATE_METHOD_MATCH = YES;
				COPY_PHASE_STRIP = NO;
				DEBUG_INFORMATION_FORMAT = dwarf;
				ENABLE_STRICT_OBJC_MSGSEND = YES;
				ENABLE_TESTABILITY = YES;
				GCC_C_LANGUAGE_STANDARD = gnu11;
				GCC_DYNAMIC_NO_PIC = NO;
				GCC_NO_COMMON_BLOCKS = YES;
				GCC_OPTIMIZATION_LEVEL = 0;
				GCC_PREPROCESSOR_DEFINITIONS = (
					"DEBUG=1",
					"$(inherited)",
				);
				GCC_WARN_64_TO_32_BIT_CONVERSION = YES;
				GCC_WARN_ABOUT_RETURN_TYPE = YES_ERROR;
				GCC_WARN_UNDECLARED_SELECTOR = YES;
				GCC_WARN_UNINITIALIZED_AUTOS = YES_AGGRESSIVE;
				GCC_WARN_UNUSED_FUNCTION = YES;
				GCC_WARN_UNUSED_VARIABLE = YES;
				IPHONEOS_DEPLOYMENT_TARGET = 15.2;
				MTL_ENABLE_DEBUG_INFO = INCLUDE_SOURCE;
				MTL_FAST_MATH = YES;
				ONLY_ACTIVE_ARCH = YES;
				SDKROOT = iphoneos;
				SWIFT_ACTIVE_COMPILATION_CONDITIONS = DEBUG;
				SWIFT_OPTIMIZATION_LEVEL = "-Onone";
			};
			name = Debug;
		};
		6B19B75627A46A9500AEF1FF /* Release */ = {
			isa = XCBuildConfiguration;
			buildSettings = {
				ALWAYS_SEARCH_USER_PATHS = NO;
				CLANG_ANALYZER_NONNULL = YES;
				CLANG_ANALYZER_NUMBER_OBJECT_CONVERSION = YES_AGGRESSIVE;
				CLANG_CXX_LANGUAGE_STANDARD = "gnu++17";
				CLANG_CXX_LIBRARY = "libc++";
				CLANG_ENABLE_MODULES = YES;
				CLANG_ENABLE_OBJC_ARC = YES;
				CLANG_ENABLE_OBJC_WEAK = YES;
				CLANG_WARN_BLOCK_CAPTURE_AUTORELEASING = YES;
				CLANG_WARN_BOOL_CONVERSION = YES;
				CLANG_WARN_COMMA = YES;
				CLANG_WARN_CONSTANT_CONVERSION = YES;
				CLANG_WARN_DEPRECATED_OBJC_IMPLEMENTATIONS = YES;
				CLANG_WARN_DIRECT_OBJC_ISA_USAGE = YES_ERROR;
				CLANG_WARN_DOCUMENTATION_COMMENTS = YES;
				CLANG_WARN_EMPTY_BODY = YES;
				CLANG_WARN_ENUM_CONVERSION = YES;
				CLANG_WARN_INFINITE_RECURSION = YES;
				CLANG_WARN_INT_CONVERSION = YES;
				CLANG_WARN_NON_LITERAL_NULL_CONVERSION = YES;
				CLANG_WARN_OBJC_IMPLICIT_RETAIN_SELF = YES;
				CLANG_WARN_OBJC_LITERAL_CONVERSION = YES;
				CLANG_WARN_OBJC_ROOT_CLASS = YES_ERROR;
				CLANG_WARN_QUOTED_INCLUDE_IN_FRAMEWORK_HEADER = YES;
				CLANG_WARN_RANGE_LOOP_ANALYSIS = YES;
				CLANG_WARN_STRICT_PROTOTYPES = YES;
				CLANG_WARN_SUSPICIOUS_MOVE = YES;
				CLANG_WARN_UNGUARDED_AVAILABILITY = YES_AGGRESSIVE;
				CLANG_WARN_UNREACHABLE_CODE = YES;
				CLANG_WARN__DUPLICATE_METHOD_MATCH = YES;
				COPY_PHASE_STRIP = NO;
				DEBUG_INFORMATION_FORMAT = "dwarf-with-dsym";
				ENABLE_NS_ASSERTIONS = NO;
				ENABLE_STRICT_OBJC_MSGSEND = YES;
				GCC_C_LANGUAGE_STANDARD = gnu11;
				GCC_NO_COMMON_BLOCKS = YES;
				GCC_WARN_64_TO_32_BIT_CONVERSION = YES;
				GCC_WARN_ABOUT_RETURN_TYPE = YES_ERROR;
				GCC_WARN_UNDECLARED_SELECTOR = YES;
				GCC_WARN_UNINITIALIZED_AUTOS = YES_AGGRESSIVE;
				GCC_WARN_UNUSED_FUNCTION = YES;
				GCC_WARN_UNUSED_VARIABLE = YES;
				IPHONEOS_DEPLOYMENT_TARGET = 15.2;
				MTL_ENABLE_DEBUG_INFO = NO;
				MTL_FAST_MATH = YES;
				SDKROOT = iphoneos;
				SWIFT_COMPILATION_MODE = wholemodule;
				SWIFT_OPTIMIZATION_LEVEL = "-O";
				VALIDATE_PRODUCT = YES;
			};
			name = Release;
		};
		6B19B75827A46A9500AEF1FF /* Debug */ = {
			isa = XCBuildConfiguration;
			buildSettings = {
				ASSETCATALOG_COMPILER_APPICON_NAME = AppIcon;
				ASSETCATALOG_COMPILER_GLOBAL_ACCENT_COLOR_NAME = AccentColor;
				CODE_SIGN_STYLE = Automatic;
				CURRENT_PROJECT_VERSION = 1;
				DEVELOPMENT_TEAM = ZCPG2Z69ZT;
				GENERATE_INFOPLIST_FILE = YES;
				INFOPLIST_FILE = FlickrSearch/Info.plist;
				INFOPLIST_KEY_UIApplicationSupportsIndirectInputEvents = YES;
				INFOPLIST_KEY_UILaunchStoryboardName = LaunchScreen;
				INFOPLIST_KEY_UIMainStoryboardFile = Main;
				INFOPLIST_KEY_UISupportedInterfaceOrientations_iPad = "UIInterfaceOrientationPortrait UIInterfaceOrientationPortraitUpsideDown UIInterfaceOrientationLandscapeLeft UIInterfaceOrientationLandscapeRight";
				INFOPLIST_KEY_UISupportedInterfaceOrientations_iPhone = "UIInterfaceOrientationPortrait UIInterfaceOrientationLandscapeLeft UIInterfaceOrientationLandscapeRight";
				LD_RUNPATH_SEARCH_PATHS = (
					"$(inherited)",
					"@executable_path/Frameworks",
				);
				MARKETING_VERSION = 1.0;
				PRODUCT_BUNDLE_IDENTIFIER = com.flickr.anzer.FlickrSearch;
				PRODUCT_NAME = "$(TARGET_NAME)";
				SWIFT_EMIT_LOC_STRINGS = YES;
				SWIFT_VERSION = 5.0;
				TARGETED_DEVICE_FAMILY = "1,2";
			};
			name = Debug;
		};
		6B19B75927A46A9500AEF1FF /* Release */ = {
			isa = XCBuildConfiguration;
			buildSettings = {
				ASSETCATALOG_COMPILER_APPICON_NAME = AppIcon;
				ASSETCATALOG_COMPILER_GLOBAL_ACCENT_COLOR_NAME = AccentColor;
				CODE_SIGN_STYLE = Automatic;
				CURRENT_PROJECT_VERSION = 1;
				DEVELOPMENT_TEAM = ZCPG2Z69ZT;
				GENERATE_INFOPLIST_FILE = YES;
				INFOPLIST_FILE = FlickrSearch/Info.plist;
				INFOPLIST_KEY_UIApplicationSupportsIndirectInputEvents = YES;
				INFOPLIST_KEY_UILaunchStoryboardName = LaunchScreen;
				INFOPLIST_KEY_UIMainStoryboardFile = Main;
				INFOPLIST_KEY_UISupportedInterfaceOrientations_iPad = "UIInterfaceOrientationPortrait UIInterfaceOrientationPortraitUpsideDown UIInterfaceOrientationLandscapeLeft UIInterfaceOrientationLandscapeRight";
				INFOPLIST_KEY_UISupportedInterfaceOrientations_iPhone = "UIInterfaceOrientationPortrait UIInterfaceOrientationLandscapeLeft UIInterfaceOrientationLandscapeRight";
				LD_RUNPATH_SEARCH_PATHS = (
					"$(inherited)",
					"@executable_path/Frameworks",
				);
				MARKETING_VERSION = 1.0;
				PRODUCT_BUNDLE_IDENTIFIER = com.flickr.anzer.FlickrSearch;
				PRODUCT_NAME = "$(TARGET_NAME)";
				SWIFT_EMIT_LOC_STRINGS = YES;
				SWIFT_VERSION = 5.0;
				TARGETED_DEVICE_FAMILY = "1,2";
			};
			name = Release;
		};
		6B19B75B27A46A9500AEF1FF /* Debug */ = {
			isa = XCBuildConfiguration;
			buildSettings = {
				ALWAYS_EMBED_SWIFT_STANDARD_LIBRARIES = YES;
				BUNDLE_LOADER = "$(TEST_HOST)";
				CODE_SIGN_STYLE = Automatic;
				CURRENT_PROJECT_VERSION = 1;
				DEVELOPMENT_TEAM = ZCPG2Z69ZT;
				GENERATE_INFOPLIST_FILE = YES;
				IPHONEOS_DEPLOYMENT_TARGET = 15.2;
				MARKETING_VERSION = 1.0;
				PRODUCT_BUNDLE_IDENTIFIER = com.flickr.anzer.FlickrSearchTests;
				PRODUCT_NAME = "$(TARGET_NAME)";
				SWIFT_EMIT_LOC_STRINGS = NO;
				SWIFT_VERSION = 5.0;
				TARGETED_DEVICE_FAMILY = "1,2";
				TEST_HOST = "$(BUILT_PRODUCTS_DIR)/FlickrSearch.app/FlickrSearch";
			};
			name = Debug;
		};
		6B19B75C27A46A9500AEF1FF /* Release */ = {
			isa = XCBuildConfiguration;
			buildSettings = {
				ALWAYS_EMBED_SWIFT_STANDARD_LIBRARIES = YES;
				BUNDLE_LOADER = "$(TEST_HOST)";
				CODE_SIGN_STYLE = Automatic;
				CURRENT_PROJECT_VERSION = 1;
				DEVELOPMENT_TEAM = ZCPG2Z69ZT;
				GENERATE_INFOPLIST_FILE = YES;
				IPHONEOS_DEPLOYMENT_TARGET = 15.2;
				MARKETING_VERSION = 1.0;
				PRODUCT_BUNDLE_IDENTIFIER = com.flickr.anzer.FlickrSearchTests;
				PRODUCT_NAME = "$(TARGET_NAME)";
				SWIFT_EMIT_LOC_STRINGS = NO;
				SWIFT_VERSION = 5.0;
				TARGETED_DEVICE_FAMILY = "1,2";
				TEST_HOST = "$(BUILT_PRODUCTS_DIR)/FlickrSearch.app/FlickrSearch";
			};
			name = Release;
		};
		6B19B75E27A46A9500AEF1FF /* Debug */ = {
			isa = XCBuildConfiguration;
			buildSettings = {
				ALWAYS_EMBED_SWIFT_STANDARD_LIBRARIES = YES;
				CODE_SIGN_STYLE = Automatic;
				CURRENT_PROJECT_VERSION = 1;
				DEVELOPMENT_TEAM = ZCPG2Z69ZT;
				GENERATE_INFOPLIST_FILE = YES;
				MARKETING_VERSION = 1.0;
				PRODUCT_BUNDLE_IDENTIFIER = com.flickr.anzer.FlickrSearchUITests;
				PRODUCT_NAME = "$(TARGET_NAME)";
				SWIFT_EMIT_LOC_STRINGS = NO;
				SWIFT_VERSION = 5.0;
				TARGETED_DEVICE_FAMILY = "1,2";
				TEST_TARGET_NAME = FlickrSearch;
			};
			name = Debug;
		};
		6B19B75F27A46A9500AEF1FF /* Release */ = {
			isa = XCBuildConfiguration;
			buildSettings = {
				ALWAYS_EMBED_SWIFT_STANDARD_LIBRARIES = YES;
				CODE_SIGN_STYLE = Automatic;
				CURRENT_PROJECT_VERSION = 1;
				DEVELOPMENT_TEAM = ZCPG2Z69ZT;
				GENERATE_INFOPLIST_FILE = YES;
				MARKETING_VERSION = 1.0;
				PRODUCT_BUNDLE_IDENTIFIER = com.flickr.anzer.FlickrSearchUITests;
				PRODUCT_NAME = "$(TARGET_NAME)";
				SWIFT_EMIT_LOC_STRINGS = NO;
				SWIFT_VERSION = 5.0;
				TARGETED_DEVICE_FAMILY = "1,2";
				TEST_TARGET_NAME = FlickrSearch;
			};
			name = Release;
		};
/* End XCBuildConfiguration section */

/* Begin XCConfigurationList section */
		6B19B72827A46A9400AEF1FF /* Build configuration list for PBXProject "FlickrSearch" */ = {
			isa = XCConfigurationList;
			buildConfigurations = (
				6B19B75527A46A9500AEF1FF /* Debug */,
				6B19B75627A46A9500AEF1FF /* Release */,
			);
			defaultConfigurationIsVisible = 0;
			defaultConfigurationName = Release;
		};
		6B19B75727A46A9500AEF1FF /* Build configuration list for PBXNativeTarget "FlickrSearch" */ = {
			isa = XCConfigurationList;
			buildConfigurations = (
				6B19B75827A46A9500AEF1FF /* Debug */,
				6B19B75927A46A9500AEF1FF /* Release */,
			);
			defaultConfigurationIsVisible = 0;
			defaultConfigurationName = Release;
		};
		6B19B75A27A46A9500AEF1FF /* Build configuration list for PBXNativeTarget "FlickrSearchTests" */ = {
			isa = XCConfigurationList;
			buildConfigurations = (
				6B19B75B27A46A9500AEF1FF /* Debug */,
				6B19B75C27A46A9500AEF1FF /* Release */,
			);
			defaultConfigurationIsVisible = 0;
			defaultConfigurationName = Release;
		};
		6B19B75D27A46A9500AEF1FF /* Build configuration list for PBXNativeTarget "FlickrSearchUITests" */ = {
			isa = XCConfigurationList;
			buildConfigurations = (
				6B19B75E27A46A9500AEF1FF /* Debug */,
				6B19B75F27A46A9500AEF1FF /* Release */,
			);
			defaultConfigurationIsVisible = 0;
			defaultConfigurationName = Release;
		};
/* End XCConfigurationList section */
	};
	rootObject = 6B19B72527A46A9400AEF1FF /* Project object */;
}
